
Microsoft Visual Studio Solution File, Format Version 12.00
# Visual Studio 15
VisualStudioVersion = 15.0.26430.16
MinimumVisualStudioVersion = 10.0.40219.1
Project("{8BC9CEB8-8B4A-11D0-8D11-00A0C91BC942}") = "pow", "pow\pow.vcxproj", "{A04EEC39-DAF7-45FF-A163-C57D7D1A0093}"
EndProject
Project("{8BC9CEB8-8B4A-11D0-8D11-00A0C91BC942}") = "swap", "swap\swap.vcxproj", "{FED0BEBE-0A77-46DD-82EE-A70CC705E15B}"
EndProject
Project("{8BC9CEB8-8B4A-11D0-8D11-00A0C91BC942}") = "small", "small\small.vcxproj", "{D1CB9E29-BE40-4790-A13C-A9CCA73DCBBF}"
EndProject
Project("{8BC9CEB8-8B4A-11D0-8D11-00A0C91BC942}") = "sign", "sign\sign.vcxproj", "{D856FA1A-6B83-4EE4-B419-C497D1E3D180}"
EndProject
Project("{8BC9CEB8-8B4A-11D0-8D11-00A0C91BC942}") = "abs", "abs\abs.vcxproj", "{F39C11E2-23C4-4281-94FE-0C8CA0488E71}"
EndProject
Project("{8BC9CEB8-8B4A-11D0-8D11-00A0C91BC942}") = "fibo", "fibo\fibo.vcxproj", "{43CA6A8F-CFE3-48B5-B892-CDC412C3E049}"
EndProject
Global
	GlobalSection(SolutionConfigurationPlatforms) = preSolution
		Debug|x64 = Debug|x64
		Debug|x86 = Debug|x86
		Release|x64 = Release|x64
		Release|x86 = Release|x86
	EndGlobalSection
	GlobalSection(ProjectConfigurationPlatforms) = postSolution
		{A04EEC39-DAF7-45FF-A163-C57D7D1A0093}.Debug|x64.ActiveCfg = Debug|x64
		{A04EEC39-DAF7-45FF-A163-C57D7D1A0093}.Debug|x64.Build.0 = Debug|x64
		{A04EEC39-DAF7-45FF-A163-C57D7D1A0093}.Debug|x86.ActiveCfg = Debug|Win32
		{A04EEC39-DAF7-45FF-A163-C57D7D1A0093}.Debug|x86.Build.0 = Debug|Win32
		{A04EEC39-DAF7-45FF-A163-C57D7D1A0093}.Release|x64.ActiveCfg = Release|x64
		{A04EEC39-DAF7-45FF-A163-C57D7D1A0093}.Release|x64.Build.0 = Release|x64
		{A04EEC39-DAF7-45FF-A163-C57D7D1A0093}.Release|x86.ActiveCfg = Release|Win32
		{A04EEC39-DAF7-45FF-A163-C57D7D1A0093}.Release|x86.Build.0 = Release|Win32
		{FED0BEBE-0A77-46DD-82EE-A70CC705E15B}.Debug|x64.ActiveCfg = Debug|x64
		{FED0BEBE-0A77-46DD-82EE-A70CC705E15B}.Debug|x64.Build.0 = Debug|x64
		{FED0BEBE-0A77-46DD-82EE-A70CC705E15B}.Debug|x86.ActiveCfg = Debug|Win32
		{FED0BEBE-0A77-46DD-82EE-A70CC705E15B}.Debug|x86.Build.0 = Debug|Win32
		{FED0BEBE-0A77-46DD-82EE-A70CC705E15B}.Release|x64.ActiveCfg = Release|x64
		{FED0BEBE-0A77-46DD-82EE-A70CC705E15B}.Release|x64.Build.0 = Release|x64
		{FED0BEBE-0A77-46DD-82EE-A70CC705E15B}.Release|x86.ActiveCfg = Release|Win32
		{FED0BEBE-0A77-46DD-82EE-A70CC705E15B}.Release|x86.Build.0 = Release|Win32
		{D1CB9E29-BE40-4790-A13C-A9CCA73DCBBF}.Debug|x64.ActiveCfg = Debug|x64
		{D1CB9E29-BE40-4790-A13C-A9CCA73DCBBF}.Debug|x64.Build.0 = Debug|x64
		{D1CB9E29-BE40-4790-A13C-A9CCA73DCBBF}.Debug|x86.ActiveCfg = Debug|Win32
		{D1CB9E29-BE40-4790-A13C-A9CCA73DCBBF}.Debug|x86.Build.0 = Debug|Win32
		{D1CB9E29-BE40-4790-A13C-A9CCA73DCBBF}.Release|x64.ActiveCfg = Release|x64
		{D1CB9E29-BE40-4790-A13C-A9CCA73DCBBF}.Release|x64.Build.0 = Release|x64
		{D1CB9E29-BE40-4790-A13C-A9CCA73DCBBF}.Release|x86.ActiveCfg = Release|Win32
		{D1CB9E29-BE40-4790-A13C-A9CCA73DCBBF}.Release|x86.Build.0 = Release|Win32
		{D856FA1A-6B83-4EE4-B419-C497D1E3D180}.Debug|x64.ActiveCfg = Debug|x64
		{D856FA1A-6B83-4EE4-B419-C497D1E3D180}.Debug|x64.Build.0 = Debug|x64
		{D856FA1A-6B83-4EE4-B419-C497D1E3D180}.Debug|x86.ActiveCfg = Debug|Win32
		{D856FA1A-6B83-4EE4-B419-C497D1E3D180}.Debug|x86.Build.0 = Debug|Win32
		{D856FA1A-6B83-4EE4-B419-C497D1E3D180}.Release|x64.ActiveCfg = Release|x64
		{D856FA1A-6B83-4EE4-B419-C497D1E3D180}.Release|x64.Build.0 = Release|x64
		{D856FA1A-6B83-4EE4-B419-C497D1E3D180}.Release|x86.ActiveCfg = Release|Win32
		{D856FA1A-6B83-4EE4-B419-C497D1E3D180}.Release|x86.Build.0 = Release|Win32
		{F39C11E2-23C4-4281-94FE-0C8CA0488E71}.Debug|x64.ActiveCfg = Debug|x64
		{F39C11E2-23C4-4281-94FE-0C8CA0488E71}.Debug|x64.Build.0 = Debug|x64
		{F39C11E2-23C4-4281-94FE-0C8CA0488E71}.Debug|x86.ActiveCfg = Debug|Win32
		{F39C11E2-23C4-4281-94FE-0C8CA0488E71}.Debug|x86.Build.0 = Debug|Win32
		{F39C11E2-23C4-4281-94FE-0C8CA0488E71}.Release|x64.ActiveCfg = Release|x64
		{F39C11E2-23C4-4281-94FE-0C8CA0488E71}.Release|x64.Build.0 = Release|x64
		{F39C11E2-23C4-4281-94FE-0C8CA0488E71}.Release|x86.ActiveCfg = Release|Win32
		{F39C11E2-23C4-4281-94FE-0C8CA0488E71}.Release|x86.Build.0 = Release|Win32
		{43CA6A8F-CFE3-48B5-B892-CDC412C3E049}.Debug|x64.ActiveCfg = Debug|x64
		{43CA6A8F-CFE3-48B5-B892-CDC412C3E049}.Debug|x64.Build.0 = Debug|x64
		{43CA6A8F-CFE3-48B5-B892-CDC412C3E049}.Debug|x86.ActiveCfg = Debug|Win32
		{43CA6A8F-CFE3-48B5-B892-CDC412C3E049}.Debug|x86.Build.0 = Debug|Win32
		{43CA6A8F-CFE3-48B5-B892-CDC412C3E049}.Release|x64.ActiveCfg = Release|x64
		{43CA6A8F-CFE3-48B5-B892-CDC412C3E049}.Release|x64.Build.0 = Release|x64
		{43CA6A8F-CFE3-48B5-B892-CDC412C3E049}.Release|x86.ActiveCfg = Release|Win32
		{43CA6A8F-CFE3-48B5-B892-CDC412C3E049}.Release|x86.Build.0 = Release|Win32
	EndGlobalSection
	GlobalSection(SolutionProperties) = preSolution
		HideSolutionNode = FALSE
	EndGlobalSection
EndGlobal
